// !$*UTF8*$!
{
	archiveVersion = 1;
	classes = {
	};
	objectVersion = 55;
	objects = {

/* Begin PBXBuildFile section */
		6BA538D9282E25F600707D4D /* MapView.swift in Sources */ = {isa = PBXBuildFile; fileRef = 6BA538D8282E25F600707D4D /* MapView.swift */; };
		6BA538DD2835DFEB00707D4D /* PlaceTests.swift in Sources */ = {isa = PBXBuildFile; fileRef = 6BA538DC2835DFEB00707D4D /* PlaceTests.swift */; };
		6BA538DF2847122500707D4D /* CoreLocation.framework in Frameworks */ = {isa = PBXBuildFile; fileRef = 6BA538DE2847122500707D4D /* CoreLocation.framework */; };
		6BA538E12847188800707D4D /* CLLocationViewModel.swift in Sources */ = {isa = PBXBuildFile; fileRef = 6BA538E02847188800707D4D /* CLLocationViewModel.swift */; };
		6BA538E328475D7A00707D4D /* SunriseSunsetViewModel.swift in Sources */ = {isa = PBXBuildFile; fileRef = 6BA538E228475D7A00707D4D /* SunriseSunsetViewModel.swift */; };
		6BA538E528486CCD00707D4D /* PlaceViewModel1.swift in Sources */ = {isa = PBXBuildFile; fileRef = 6BA538E428486CCC00707D4D /* PlaceViewModel1.swift */; };
		6BED0038282091C400E5420A /* Assignment2App.swift in Sources */ = {isa = PBXBuildFile; fileRef = 6BED0037282091C400E5420A /* Assignment2App.swift */; };
		6BED003A282091C400E5420A /* ContentView.swift in Sources */ = {isa = PBXBuildFile; fileRef = 6BED0039282091C400E5420A /* ContentView.swift */; };
		6BED003C282091C700E5420A /* Assets.xcassets in Resources */ = {isa = PBXBuildFile; fileRef = 6BED003B282091C700E5420A /* Assets.xcassets */; };
		6BED003F282091C700E5420A /* Preview Assets.xcassets in Resources */ = {isa = PBXBuildFile; fileRef = 6BED003E282091C700E5420A /* Preview Assets.xcassets */; };
		6BED0041282091C700E5420A /* Persistence.swift in Sources */ = {isa = PBXBuildFile; fileRef = 6BED0040282091C700E5420A /* Persistence.swift */; };
		6BED0044282091C700E5420A /* Assignment2.xcdatamodeld in Sources */ = {isa = PBXBuildFile; fileRef = 6BED0042282091C700E5420A /* Assignment2.xcdatamodeld */; };
		6BED004E282091C700E5420A /* Assignment2Tests.swift in Sources */ = {isa = PBXBuildFile; fileRef = 6BED004D282091C700E5420A /* Assignment2Tests.swift */; };
		6BED0058282091C700E5420A /* Assignment2UITests.swift in Sources */ = {isa = PBXBuildFile; fileRef = 6BED0057282091C700E5420A /* Assignment2UITests.swift */; };
		6BED005A282091C700E5420A /* Assignment2UITestsLaunchTests.swift in Sources */ = {isa = PBXBuildFile; fileRef = 6BED0059282091C700E5420A /* Assignment2UITestsLaunchTests.swift */; };
		6BED006A282229B900E5420A /* PlaceViewModel.swift in Sources */ = {isa = PBXBuildFile; fileRef = 6BED0069282229B900E5420A /* PlaceViewModel.swift */; };
		6BED006C282229D000E5420A /* PlaceRowView.swift in Sources */ = {isa = PBXBuildFile; fileRef = 6BED006B282229D000E5420A /* PlaceRowView.swift */; };
		6BED006E282229DE00E5420A /* PlaceView.swift in Sources */ = {isa = PBXBuildFile; fileRef = 6BED006D282229DE00E5420A /* PlaceView.swift */; };
		6BED0078282CCE3100E5420A /* MapKit.framework in Frameworks */ = {isa = PBXBuildFile; fileRef = 6BED0077282CCE3100E5420A /* MapKit.framework */; };
		6BED007A282CD37E00E5420A /* CoordinateRegionViewModel.swift in Sources */ = {isa = PBXBuildFile; fileRef = 6BED0079282CD37E00E5420A /* CoordinateRegionViewModel.swift */; };
/* End PBXBuildFile section */

/* Begin PBXContainerItemProxy section */
		6BED004A282091C700E5420A /* PBXContainerItemProxy */ = {
			isa = PBXContainerItemProxy;
			containerPortal = 6BED002C282091C400E5420A /* Project object */;
			proxyType = 1;
			remoteGlobalIDString = 6BED0033282091C400E5420A;
			remoteInfo = Assignment2;
		};
		6BED0054282091C700E5420A /* PBXContainerItemProxy */ = {
			isa = PBXContainerItemProxy;
			containerPortal = 6BED002C282091C400E5420A /* Project object */;
			proxyType = 1;
			remoteGlobalIDString = 6BED0033282091C400E5420A;
			remoteInfo = Assignment2;
		};
/* End PBXContainerItemProxy section */

/* Begin PBXFileReference section */
		6BA538D8282E25F600707D4D /* MapView.swift */ = {isa = PBXFileReference; lastKnownFileType = sourcecode.swift; path = MapView.swift; sourceTree = "<group>"; };
		6BA538DC2835DFEB00707D4D /* PlaceTests.swift */ = {isa = PBXFileReference; lastKnownFileType = sourcecode.swift; path = PlaceTests.swift; sourceTree = "<group>"; };
		6BA538DE2847122500707D4D /* CoreLocation.framework */ = {isa = PBXFileReference; lastKnownFileType = wrapper.framework; name = CoreLocation.framework; path = System/Library/Frameworks/CoreLocation.framework; sourceTree = SDKROOT; };
		6BA538E02847188800707D4D /* CLLocationViewModel.swift */ = {isa = PBXFileReference; lastKnownFileType = sourcecode.swift; path = CLLocationViewModel.swift; sourceTree = "<group>"; };
		6BA538E228475D7A00707D4D /* SunriseSunsetViewModel.swift */ = {isa = PBXFileReference; lastKnownFileType = sourcecode.swift; path = SunriseSunsetViewModel.swift; sourceTree = "<group>"; };
		6BA538E428486CCC00707D4D /* PlaceViewModel1.swift */ = {isa = PBXFileReference; lastKnownFileType = sourcecode.swift; path = PlaceViewModel1.swift; sourceTree = "<group>"; };
		6BED0034282091C400E5420A /* Assignment2.app */ = {isa = PBXFileReference; explicitFileType = wrapper.application; includeInIndex = 0; path = Assignment2.app; sourceTree = BUILT_PRODUCTS_DIR; };
		6BED0037282091C400E5420A /* Assignment2App.swift */ = {isa = PBXFileReference; lastKnownFileType = sourcecode.swift; path = Assignment2App.swift; sourceTree = "<group>"; };
		6BED0039282091C400E5420A /* ContentView.swift */ = {isa = PBXFileReference; lastKnownFileType = sourcecode.swift; path = ContentView.swift; sourceTree = "<group>"; };
		6BED003B282091C700E5420A /* Assets.xcassets */ = {isa = PBXFileReference; lastKnownFileType = folder.assetcatalog; path = Assets.xcassets; sourceTree = "<group>"; };
		6BED003E282091C700E5420A /* Preview Assets.xcassets */ = {isa = PBXFileReference; lastKnownFileType = folder.assetcatalog; path = "Preview Assets.xcassets"; sourceTree = "<group>"; };
		6BED0040282091C700E5420A /* Persistence.swift */ = {isa = PBXFileReference; lastKnownFileType = sourcecode.swift; path = Persistence.swift; sourceTree = "<group>"; };
		6BED0043282091C700E5420A /* Assignment2.xcdatamodel */ = {isa = PBXFileReference; lastKnownFileType = wrapper.xcdatamodel; path = Assignment2.xcdatamodel; sourceTree = "<group>"; };
		6BED0049282091C700E5420A /* Assignment2Tests.xctest */ = {isa = PBXFileReference; explicitFileType = wrapper.cfbundle; includeInIndex = 0; path = Assignment2Tests.xctest; sourceTree = BUILT_PRODUCTS_DIR; };
		6BED004D282091C700E5420A /* Assignment2Tests.swift */ = {isa = PBXFileReference; lastKnownFileType = sourcecode.swift; path = Assignment2Tests.swift; sourceTree = "<group>"; };
		6BED0053282091C700E5420A /* Assignment2UITests.xctest */ = {isa = PBXFileReference; explicitFileType = wrapper.cfbundle; includeInIndex = 0; path = Assignment2UITests.xctest; sourceTree = BUILT_PRODUCTS_DIR; };
		6BED0057282091C700E5420A /* Assignment2UITests.swift */ = {isa = PBXFileReference; lastKnownFileType = sourcecode.swift; path = Assignment2UITests.swift; sourceTree = "<group>"; };
		6BED0059282091C700E5420A /* Assignment2UITestsLaunchTests.swift */ = {isa = PBXFileReference; lastKnownFileType = sourcecode.swift; path = Assignment2UITestsLaunchTests.swift; sourceTree = "<group>"; };
		6BED0069282229B900E5420A /* PlaceViewModel.swift */ = {isa = PBXFileReference; lastKnownFileType = sourcecode.swift; path = PlaceViewModel.swift; sourceTree = "<group>"; };
		6BED006B282229D000E5420A /* PlaceRowView.swift */ = {isa = PBXFileReference; lastKnownFileType = sourcecode.swift; path = PlaceRowView.swift; sourceTree = "<group>"; };
		6BED006D282229DE00E5420A /* PlaceView.swift */ = {isa = PBXFileReference; lastKnownFileType = sourcecode.swift; path = PlaceView.swift; sourceTree = "<group>"; };
		6BED00702824C05700E5420A /* Place+CoreDataClass.swift */ = {isa = PBXFileReference; lastKnownFileType = sourcecode.swift; path = "Place+CoreDataClass.swift"; sourceTree = "<group>"; };
		6BED00712824C05700E5420A /* Place+CoreDataProperties.swift */ = {isa = PBXFileReference; lastKnownFileType = sourcecode.swift; path = "Place+CoreDataProperties.swift"; sourceTree = "<group>"; };
		6BED0072282CAF5200E5420A /* Area+CoreDataClass.swift */ = {isa = PBXFileReference; lastKnownFileType = sourcecode.swift; path = "Area+CoreDataClass.swift"; sourceTree = "<group>"; };
		6BED0073282CAF5200E5420A /* Area+CoreDataProperties.swift */ = {isa = PBXFileReference; lastKnownFileType = sourcecode.swift; path = "Area+CoreDataProperties.swift"; sourceTree = "<group>"; };
		6BED0077282CCE3100E5420A /* MapKit.framework */ = {isa = PBXFileReference; lastKnownFileType = wrapper.framework; name = MapKit.framework; path = System/Library/Frameworks/MapKit.framework; sourceTree = SDKROOT; };
		6BED0079282CD37E00E5420A /* CoordinateRegionViewModel.swift */ = {isa = PBXFileReference; lastKnownFileType = sourcecode.swift; path = CoordinateRegionViewModel.swift; sourceTree = "<group>"; };
/* End PBXFileReference section */

/* Begin PBXFrameworksBuildPhase section */
		6BED0031282091C400E5420A /* Frameworks */ = {
			isa = PBXFrameworksBuildPhase;
			buildActionMask = 2147483647;
			files = (
				6BA538DF2847122500707D4D /* CoreLocation.framework in Frameworks */,
				6BED0078282CCE3100E5420A /* MapKit.framework in Frameworks */,
			);
			runOnlyForDeploymentPostprocessing = 0;
		};
		6BED0046282091C700E5420A /* Frameworks */ = {
			isa = PBXFrameworksBuildPhase;
			buildActionMask = 2147483647;
			files = (
			);
			runOnlyForDeploymentPostprocessing = 0;
		};
		6BED0050282091C700E5420A /* Frameworks */ = {
			isa = PBXFrameworksBuildPhase;
			buildActionMask = 2147483647;
			files = (
			);
			runOnlyForDeploymentPostprocessing = 0;
		};
/* End PBXFrameworksBuildPhase section */

/* Begin PBXGroup section */
		6BED002B282091C400E5420A = {
			isa = PBXGroup;
			children = (
				6BED006F2824C01B00E5420A /* CoreData */,
				6BED0036282091C400E5420A /* Assignment2 */,
				6BED004C282091C700E5420A /* Assignment2Tests */,
				6BED0056282091C700E5420A /* Assignment2UITests */,
				6BED0035282091C400E5420A /* Products */,
				6BED0076282CCE3000E5420A /* Frameworks */,
			);
			sourceTree = "<group>";
		};
		6BED0035282091C400E5420A /* Products */ = {
			isa = PBXGroup;
			children = (
				6BED0034282091C400E5420A /* Assignment2.app */,
				6BED0049282091C700E5420A /* Assignment2Tests.xctest */,
				6BED0053282091C700E5420A /* Assignment2UITests.xctest */,
			);
			name = Products;
			sourceTree = "<group>";
		};
		6BED0036282091C400E5420A /* Assignment2 */ = {
			isa = PBXGroup;
			children = (
				6BED00682822299400E5420A /* Views */,
				6BED00672822298800E5420A /* ViewModels */,
				6BED00662822297F00E5420A /* CoreData */,
				6BED0037282091C400E5420A /* Assignment2App.swift */,
				6BED003B282091C700E5420A /* Assets.xcassets */,
				6BED0040282091C700E5420A /* Persistence.swift */,
				6BED0042282091C700E5420A /* Assignment2.xcdatamodeld */,
				6BED003D282091C700E5420A /* Preview Content */,
			);
			path = Assignment2;
			sourceTree = "<group>";
		};
		6BED003D282091C700E5420A /* Preview Content */ = {
			isa = PBXGroup;
			children = (
				6BED003E282091C700E5420A /* Preview Assets.xcassets */,
			);
			path = "Preview Content";
			sourceTree = "<group>";
		};
		6BED004C282091C700E5420A /* Assignment2Tests */ = {
			isa = PBXGroup;
			children = (
				6BED004D282091C700E5420A /* Assignment2Tests.swift */,
				6BA538DC2835DFEB00707D4D /* PlaceTests.swift */,
			);
			path = Assignment2Tests;
			sourceTree = "<group>";
		};
		6BED0056282091C700E5420A /* Assignment2UITests */ = {
			isa = PBXGroup;
			children = (
				6BED0057282091C700E5420A /* Assignment2UITests.swift */,
				6BED0059282091C700E5420A /* Assignment2UITestsLaunchTests.swift */,
			);
			path = Assignment2UITests;
			sourceTree = "<group>";
		};
		6BED00662822297F00E5420A /* CoreData */ = {
			isa = PBXGroup;
			children = (
			);
			path = CoreData;
			sourceTree = "<group>";
		};
		6BED00672822298800E5420A /* ViewModels */ = {
			isa = PBXGroup;
			children = (
				6BED0069282229B900E5420A /* PlaceViewModel.swift */,
				6BA538E428486CCC00707D4D /* PlaceViewModel1.swift */,
				6BA538E02847188800707D4D /* CLLocationViewModel.swift */,
				6BA538E228475D7A00707D4D /* SunriseSunsetViewModel.swift */,
				6BED0079282CD37E00E5420A /* CoordinateRegionViewModel.swift */,
			);
			path = ViewModels;
			sourceTree = "<group>";
		};
		6BED00682822299400E5420A /* Views */ = {
			isa = PBXGroup;
			children = (
				6BED0039282091C400E5420A /* ContentView.swift */,
				6BED006B282229D000E5420A /* PlaceRowView.swift */,
				6BED006D282229DE00E5420A /* PlaceView.swift */,
				6BA538D8282E25F600707D4D /* MapView.swift */,
			);
			path = Views;
			sourceTree = "<group>";
		};
		6BED006F2824C01B00E5420A /* CoreData */ = {
			isa = PBXGroup;
			children = (
				6BED0072282CAF5200E5420A /* Area+CoreDataClass.swift */,
				6BED0073282CAF5200E5420A /* Area+CoreDataProperties.swift */,
				6BED00702824C05700E5420A /* Place+CoreDataClass.swift */,
				6BED00712824C05700E5420A /* Place+CoreDataProperties.swift */,
			);
			path = CoreData;
			sourceTree = "<group>";
		};
		6BED0076282CCE3000E5420A /* Frameworks */ = {
			isa = PBXGroup;
			children = (
				6BA538DE2847122500707D4D /* CoreLocation.framework */,
				6BED0077282CCE3100E5420A /* MapKit.framework */,
			);
			name = Frameworks;
			sourceTree = "<group>";
		};
/* End PBXGroup section */

/* Begin PBXNativeTarget section */
		6BED0033282091C400E5420A /* Assignment2 */ = {
			isa = PBXNativeTarget;
			buildConfigurationList = 6BED005D282091C700E5420A /* Build configuration list for PBXNativeTarget "Assignment2" */;
			buildPhases = (
				6BED0030282091C400E5420A /* Sources */,
				6BED0031282091C400E5420A /* Frameworks */,
				6BED0032282091C400E5420A /* Resources */,
			);
			buildRules = (
			);
			dependencies = (
			);
			name = Assignment2;
			productName = Assignment2;
			productReference = 6BED0034282091C400E5420A /* Assignment2.app */;
			productType = "com.apple.product-type.application";
		};
		6BED0048282091C700E5420A /* Assignment2Tests */ = {
			isa = PBXNativeTarget;
			buildConfigurationList = 6BED0060282091C700E5420A /* Build configuration list for PBXNativeTarget "Assignment2Tests" */;
			buildPhases = (
				6BED0045282091C700E5420A /* Sources */,
				6BED0046282091C700E5420A /* Frameworks */,
				6BED0047282091C700E5420A /* Resources */,
			);
			buildRules = (
			);
			dependencies = (
				6BED004B282091C700E5420A /* PBXTargetDependency */,
			);
			name = Assignment2Tests;
			productName = Assignment2Tests;
			productReference = 6BED0049282091C700E5420A /* Assignment2Tests.xctest */;
			productType = "com.apple.product-type.bundle.unit-test";
		};
		6BED0052282091C700E5420A /* Assignment2UITests */ = {
			isa = PBXNativeTarget;
			buildConfigurationList = 6BED0063282091C700E5420A /* Build configuration list for PBXNativeTarget "Assignment2UITests" */;
			buildPhases = (
				6BED004F282091C700E5420A /* Sources */,
				6BED0050282091C700E5420A /* Frameworks */,
				6BED0051282091C700E5420A /* Resources */,
			);
			buildRules = (
			);
			dependencies = (
				6BED0055282091C700E5420A /* PBXTargetDependency */,
			);
			name = Assignment2UITests;
			productName = Assignment2UITests;
			productReference = 6BED0053282091C700E5420A /* Assignment2UITests.xctest */;
			productType = "com.apple.product-type.bundle.ui-testing";
		};
/* End PBXNativeTarget section */

/* Begin PBXProject section */
		6BED002C282091C400E5420A /* Project object */ = {
			isa = PBXProject;
			attributes = {
				BuildIndependentTargetsInParallel = 1;
				LastSwiftUpdateCheck = 1320;
				LastUpgradeCheck = 1320;
				TargetAttributes = {
					6BED0033282091C400E5420A = {
						CreatedOnToolsVersion = 13.2.1;
					};
					6BED0048282091C700E5420A = {
						CreatedOnToolsVersion = 13.2.1;
						TestTargetID = 6BED0033282091C400E5420A;
					};
					6BED0052282091C700E5420A = {
						CreatedOnToolsVersion = 13.2.1;
						TestTargetID = 6BED0033282091C400E5420A;
					};
				};
			};
			buildConfigurationList = 6BED002F282091C400E5420A /* Build configuration list for PBXProject "Assignment2" */;
			compatibilityVersion = "Xcode 13.0";
			developmentRegion = en;
			hasScannedForEncodings = 0;
			knownRegions = (
				en,
				Base,
			);
			mainGroup = 6BED002B282091C400E5420A;
			productRefGroup = 6BED0035282091C400E5420A /* Products */;
			projectDirPath = "";
			projectRoot = "";
			targets = (
				6BED0033282091C400E5420A /* Assignment2 */,
				6BED0048282091C700E5420A /* Assignment2Tests */,
				6BED0052282091C700E5420A /* Assignment2UITests */,
			);
		};
/* End PBXProject section */

/* Begin PBXResourcesBuildPhase section */
		6BED0032282091C400E5420A /* Resources */ = {
			isa = PBXResourcesBuildPhase;
			buildActionMask = 2147483647;
			files = (
				6BED003F282091C700E5420A /* Preview Assets.xcassets in Resources */,
				6BED003C282091C700E5420A /* Assets.xcassets in Resources */,
			);
			runOnlyForDeploymentPostprocessing = 0;
		};
		6BED0047282091C700E5420A /* Resources */ = {
			isa = PBXResourcesBuildPhase;
			buildActionMask = 2147483647;
			files = (
			);
			runOnlyForDeploymentPostprocessing = 0;
		};
		6BED0051282091C700E5420A /* Resources */ = {
			isa = PBXResourcesBuildPhase;
			buildActionMask = 2147483647;
			files = (
			);
			runOnlyForDeploymentPostprocessing = 0;
		};
/* End PBXResourcesBuildPhase section */

/* Begin PBXSourcesBuildPhase section */
		6BED0030282091C400E5420A /* Sources */ = {
			isa = PBXSourcesBuildPhase;
			buildActionMask = 2147483647;
			files = (
				6BED0041282091C700E5420A /* Persistence.swift in Sources */,
				6BED006C282229D000E5420A /* PlaceRowView.swift in Sources */,
				6BA538E528486CCD00707D4D /* PlaceViewModel1.swift in Sources */,
				6BED006E282229DE00E5420A /* PlaceView.swift in Sources */,
				6BED006A282229B900E5420A /* PlaceViewModel.swift in Sources */,
				6BA538E328475D7A00707D4D /* SunriseSunsetViewModel.swift in Sources */,
				6BA538E12847188800707D4D /* CLLocationViewModel.swift in Sources */,
				6BED003A282091C400E5420A /* ContentView.swift in Sources */,
				6BED007A282CD37E00E5420A /* CoordinateRegionViewModel.swift in Sources */,
				6BA538D9282E25F600707D4D /* MapView.swift in Sources */,
				6BED0038282091C400E5420A /* Assignment2App.swift in Sources */,
				6BED0044282091C700E5420A /* Assignment2.xcdatamodeld in Sources */,
			);
			runOnlyForDeploymentPostprocessing = 0;
		};
		6BED0045282091C700E5420A /* Sources */ = {
			isa = PBXSourcesBuildPhase;
			buildActionMask = 2147483647;
			files = (
				6BED004E282091C700E5420A /* Assignment2Tests.swift in Sources */,
				6BA538DD2835DFEB00707D4D /* PlaceTests.swift in Sources */,
			);
			runOnlyForDeploymentPostprocessing = 0;
		};
		6BED004F282091C700E5420A /* Sources */ = {
			isa = PBXSourcesBuildPhase;
			buildActionMask = 2147483647;
			files = (
				6BED005A282091C700E5420A /* Assignment2UITestsLaunchTests.swift in Sources */,
				6BED0058282091C700E5420A /* Assignment2UITests.swift in Sources */,
			);
			runOnlyForDeploymentPostprocessing = 0;
		};
/* End PBXSourcesBuildPhase section */

/* Begin PBXTargetDependency section */
		6BED004B282091C700E5420A /* PBXTargetDependency */ = {
			isa = PBXTargetDependency;
			target = 6BED0033282091C400E5420A /* Assignment2 */;
			targetProxy = 6BED004A282091C700E5420A /* PBXContainerItemProxy */;
		};
		6BED0055282091C700E5420A /* PBXTargetDependency */ = {
			isa = PBXTargetDependency;
			target = 6BED0033282091C400E5420A /* Assignment2 */;
			targetProxy = 6BED0054282091C700E5420A /* PBXContainerItemProxy */;
		};
/* End PBXTargetDependency section */

/* Begin XCBuildConfiguration section */
		6BED005B282091C700E5420A /* Debug */ = {
			isa = XCBuildConfiguration;
			buildSettings = {
				ALWAYS_SEARCH_USER_PATHS = NO;
				CLANG_ANALYZER_NONNULL = YES;
				CLANG_ANALYZER_NUMBER_OBJECT_CONVERSION = YES_AGGRESSIVE;
				CLANG_CXX_LANGUAGE_STANDARD = "gnu++17";
				CLANG_CXX_LIBRARY = "libc++";
				CLANG_ENABLE_MODULES = YES;
				CLANG_ENABLE_OBJC_ARC = YES;
				CLANG_ENABLE_OBJC_WEAK = YES;
				CLANG_WARN_BLOCK_CAPTURE_AUTORELEASING = YES;
				CLANG_WARN_BOOL_CONVERSION = YES;
				CLANG_WARN_COMMA = YES;
				CLANG_WARN_CONSTANT_CONVERSION = YES;
				CLANG_WARN_DEPRECATED_OBJC_IMPLEMENTATIONS = YES;
				CLANG_WARN_DIRECT_OBJC_ISA_USAGE = YES_ERROR;
				CLANG_WARN_DOCUMENTATION_COMMENTS = YES;
				CLANG_WARN_EMPTY_BODY = YES;
				CLANG_WARN_ENUM_CONVERSION = YES;
				CLANG_WARN_INFINITE_RECURSION = YES;
				CLANG_WARN_INT_CONVERSION = YES;
				CLANG_WARN_NON_LITERAL_NULL_CONVERSION = YES;
				CLANG_WARN_OBJC_IMPLICIT_RETAIN_SELF = YES;
				CLANG_WARN_OBJC_LITERAL_CONVERSION = YES;
				CLANG_WARN_OBJC_ROOT_CLASS = YES_ERROR;
				CLANG_WARN_QUOTED_INCLUDE_IN_FRAMEWORK_HEADER = YES;
				CLANG_WARN_RANGE_LOOP_ANALYSIS = YES;
				CLANG_WARN_STRICT_PROTOTYPES = YES;
				CLANG_WARN_SUSPICIOUS_MOVE = YES;
				CLANG_WARN_UNGUARDED_AVAILABILITY = YES_AGGRESSIVE;
				CLANG_WARN_UNREACHABLE_CODE = YES;
				CLANG_WARN__DUPLICATE_METHOD_MATCH = YES;
				COPY_PHASE_STRIP = NO;
				DEBUG_INFORMATION_FORMAT = dwarf;
				ENABLE_STRICT_OBJC_MSGSEND = YES;
				ENABLE_TESTABILITY = YES;
				GCC_C_LANGUAGE_STANDARD = gnu11;
				GCC_DYNAMIC_NO_PIC = NO;
				GCC_NO_COMMON_BLOCKS = YES;
				GCC_OPTIMIZATION_LEVEL = 0;
				GCC_PREPROCESSOR_DEFINITIONS = (
					"DEBUG=1",
					"$(inherited)",
				);
				GCC_WARN_64_TO_32_BIT_CONVERSION = YES;
				GCC_WARN_ABOUT_RETURN_TYPE = YES_ERROR;
				GCC_WARN_UNDECLARED_SELECTOR = YES;
				GCC_WARN_UNINITIALIZED_AUTOS = YES_AGGRESSIVE;
				GCC_WARN_UNUSED_FUNCTION = YES;
				GCC_WARN_UNUSED_VARIABLE = YES;
				IPHONEOS_DEPLOYMENT_TARGET = 15.2;
				MTL_ENABLE_DEBUG_INFO = INCLUDE_SOURCE;
				MTL_FAST_MATH = YES;
				ONLY_ACTIVE_ARCH = YES;
				SDKROOT = iphoneos;
				SWIFT_ACTIVE_COMPILATION_CONDITIONS = DEBUG;
				SWIFT_OPTIMIZATION_LEVEL = "-Onone";
			};
			name = Debug;
		};
		6BED005C282091C700E5420A /* Release */ = {
			isa = XCBuildConfiguration;
			buildSettings = {
				ALWAYS_SEARCH_USER_PATHS = NO;
				CLANG_ANALYZER_NONNULL = YES;
				CLANG_ANALYZER_NUMBER_OBJECT_CONVERSION = YES_AGGRESSIVE;
				CLANG_CXX_LANGUAGE_STANDARD = "gnu++17";
				CLANG_CXX_LIBRARY = "libc++";
				CLANG_ENABLE_MODULES = YES;
				CLANG_ENABLE_OBJC_ARC = YES;
				CLANG_ENABLE_OBJC_WEAK = YES;
				CLANG_WARN_BLOCK_CAPTURE_AUTORELEASING = YES;
				CLANG_WARN_BOOL_CONVERSION = YES;
				CLANG_WARN_COMMA = YES;
				CLANG_WARN_CONSTANT_CONVERSION = YES;
				CLANG_WARN_DEPRECATED_OBJC_IMPLEMENTATIONS = YES;
				CLANG_WARN_DIRECT_OBJC_ISA_USAGE = YES_ERROR;
				CLANG_WARN_DOCUMENTATION_COMMENTS = YES;
				CLANG_WARN_EMPTY_BODY = YES;
				CLANG_WARN_ENUM_CONVERSION = YES;
				CLANG_WARN_INFINITE_RECURSION = YES;
				CLANG_WARN_INT_CONVERSION = YES;
				CLANG_WARN_NON_LITERAL_NULL_CONVERSION = YES;
				CLANG_WARN_OBJC_IMPLICIT_RETAIN_SELF = YES;
				CLANG_WARN_OBJC_LITERAL_CONVERSION = YES;
				CLANG_WARN_OBJC_ROOT_CLASS = YES_ERROR;
				CLANG_WARN_QUOTED_INCLUDE_IN_FRAMEWORK_HEADER = YES;
				CLANG_WARN_RANGE_LOOP_ANALYSIS = YES;
				CLANG_WARN_STRICT_PROTOTYPES = YES;
				CLANG_WARN_SUSPICIOUS_MOVE = YES;
				CLANG_WARN_UNGUARDED_AVAILABILITY = YES_AGGRESSIVE;
				CLANG_WARN_UNREACHABLE_CODE = YES;
				CLANG_WARN__DUPLICATE_METHOD_MATCH = YES;
				COPY_PHASE_STRIP = NO;
				DEBUG_INFORMATION_FORMAT = "dwarf-with-dsym";
				ENABLE_NS_ASSERTIONS = NO;
				ENABLE_STRICT_OBJC_MSGSEND = YES;
				GCC_C_LANGUAGE_STANDARD = gnu11;
				GCC_NO_COMMON_BLOCKS = YES;
				GCC_WARN_64_TO_32_BIT_CONVERSION = YES;
				GCC_WARN_ABOUT_RETURN_TYPE = YES_ERROR;
				GCC_WARN_UNDECLARED_SELECTOR = YES;
				GCC_WARN_UNINITIALIZED_AUTOS = YES_AGGRESSIVE;
				GCC_WARN_UNUSED_FUNCTION = YES;
				GCC_WARN_UNUSED_VARIABLE = YES;
				IPHONEOS_DEPLOYMENT_TARGET = 15.2;
				MTL_ENABLE_DEBUG_INFO = NO;
				MTL_FAST_MATH = YES;
				SDKROOT = iphoneos;
				SWIFT_COMPILATION_MODE = wholemodule;
				SWIFT_OPTIMIZATION_LEVEL = "-O";
				VALIDATE_PRODUCT = YES;
			};
			name = Release;
		};
		6BED005E282091C700E5420A /* Debug */ = {
			isa = XCBuildConfiguration;
			buildSettings = {
				ASSETCATALOG_COMPILER_APPICON_NAME = AppIcon;
				ASSETCATALOG_COMPILER_GLOBAL_ACCENT_COLOR_NAME = AccentColor;
				CODE_SIGN_STYLE = Automatic;
				CURRENT_PROJECT_VERSION = 1;
				DEVELOPMENT_ASSET_PATHS = "\"Assignment2/Preview Content\"";
				ENABLE_PREVIEWS = YES;
				GENERATE_INFOPLIST_FILE = YES;
				INFOPLIST_KEY_UIApplicationSceneManifest_Generation = YES;
				INFOPLIST_KEY_UIApplicationSupportsIndirectInputEvents = YES;
				INFOPLIST_KEY_UILaunchScreen_Generation = YES;
				INFOPLIST_KEY_UISupportedInterfaceOrientations_iPad = "UIInterfaceOrientationPortrait UIInterfaceOrientationPortraitUpsideDown UIInterfaceOrientationLandscapeLeft UIInterfaceOrientationLandscapeRight";
				INFOPLIST_KEY_UISupportedInterfaceOrientations_iPhone = "UIInterfaceOrientationPortrait UIInterfaceOrientationLandscapeLeft UIInterfaceOrientationLandscapeRight";
				LD_RUNPATH_SEARCH_PATHS = (
					"$(inherited)",
					"@executable_path/Frameworks",
				);
				MARKETING_VERSION = 1.0;
				PRODUCT_BUNDLE_IDENTIFIER = MAD.Assignment2;
				PRODUCT_NAME = "$(TARGET_NAME)";
				SWIFT_EMIT_LOC_STRINGS = YES;
				SWIFT_VERSION = 5.0;
				TARGETED_DEVICE_FAMILY = "1,2";
			};
			name = Debug;
		};
		6BED005F282091C700E5420A /* Release */ = {
			isa = XCBuildConfiguration;
			buildSettings = {
				ASSETCATALOG_COMPILER_APPICON_NAME = AppIcon;
				ASSETCATALOG_COMPILER_GLOBAL_ACCENT_COLOR_NAME = AccentColor;
				CODE_SIGN_STYLE = Automatic;
				CURRENT_PROJECT_VERSION = 1;
				DEVELOPMENT_ASSET_PATHS = "\"Assignment2/Preview Content\"";
				ENABLE_PREVIEWS = YES;
				GENERATE_INFOPLIST_FILE = YES;
				INFOPLIST_KEY_UIApplicationSceneManifest_Generation = YES;
				INFOPLIST_KEY_UIApplicationSupportsIndirectInputEvents = YES;
				INFOPLIST_KEY_UILaunchScreen_Generation = YES;
				INFOPLIST_KEY_UISupportedInterfaceOrientations_iPad = "UIInterfaceOrientationPortrait UIInterfaceOrientationPortraitUpsideDown UIInterfaceOrientationLandscapeLeft UIInterfaceOrientationLandscapeRight";
				INFOPLIST_KEY_UISupportedInterfaceOrientations_iPhone = "UIInterfaceOrientationPortrait UIInterfaceOrientationLandscapeLeft UIInterfaceOrientationLandscapeRight";
				LD_RUNPATH_SEARCH_PATHS = (
					"$(inherited)",
					"@executable_path/Frameworks",
				);
				MARKETING_VERSION = 1.0;
				PRODUCT_BUNDLE_IDENTIFIER = MAD.Assignment2;
				PRODUCT_NAME = "$(TARGET_NAME)";
				SWIFT_EMIT_LOC_STRINGS = YES;
				SWIFT_VERSION = 5.0;
				TARGETED_DEVICE_FAMILY = "1,2";
			};
			name = Release;
		};
		6BED0061282091C700E5420A /* Debug */ = {
			isa = XCBuildConfiguration;
			buildSettings = {
				ALWAYS_EMBED_SWIFT_STANDARD_LIBRARIES = YES;
				BUNDLE_LOADER = "$(TEST_HOST)";
				CODE_SIGN_STYLE = Automatic;
				CURRENT_PROJECT_VERSION = 1;
				GENERATE_INFOPLIST_FILE = YES;
				IPHONEOS_DEPLOYMENT_TARGET = 15.2;
				MARKETING_VERSION = 1.0;
				PRODUCT_BUNDLE_IDENTIFIER = MAD.Assignment2Tests;
				PRODUCT_NAME = "$(TARGET_NAME)";
				SWIFT_EMIT_LOC_STRINGS = NO;
				SWIFT_VERSION = 5.0;
				TARGETED_DEVICE_FAMILY = "1,2";
				TEST_HOST = "$(BUILT_PRODUCTS_DIR)/Assignment2.app/Assignment2";
			};
			name = Debug;
		};
		6BED0062282091C700E5420A /* Release */ = {
			isa = XCBuildConfiguration;
			buildSettings = {
				ALWAYS_EMBED_SWIFT_STANDARD_LIBRARIES = YES;
				BUNDLE_LOADER = "$(TEST_HOST)";
				CODE_SIGN_STYLE = Automatic;
				CURRENT_PROJECT_VERSION = 1;
				GENERATE_INFOPLIST_FILE = YES;
				IPHONEOS_DEPLOYMENT_TARGET = 15.2;
				MARKETING_VERSION = 1.0;
				PRODUCT_BUNDLE_IDENTIFIER = MAD.Assignment2Tests;
				PRODUCT_NAME = "$(TARGET_NAME)";
				SWIFT_EMIT_LOC_STRINGS = NO;
				SWIFT_VERSION = 5.0;
				TARGETED_DEVICE_FAMILY = "1,2";
				TEST_HOST = "$(BUILT_PRODUCTS_DIR)/Assignment2.app/Assignment2";
			};
			name = Release;
		};
		6BED0064282091C700E5420A /* Debug */ = {
			isa = XCBuildConfiguration;
			buildSettings = {
				ALWAYS_EMBED_SWIFT_STANDARD_LIBRARIES = YES;
				CODE_SIGN_STYLE = Automatic;
				CURRENT_PROJECT_VERSION = 1;
				GENERATE_INFOPLIST_FILE = YES;
				MARKETING_VERSION = 1.0;
				PRODUCT_BUNDLE_IDENTIFIER = MAD.Assignment2UITests;
				PRODUCT_NAME = "$(TARGET_NAME)";
				SWIFT_EMIT_LOC_STRINGS = NO;
				SWIFT_VERSION = 5.0;
				TARGETED_DEVICE_FAMILY = "1,2";
				TEST_TARGET_NAME = Assignment2;
			};
			name = Debug;
		};
		6BED0065282091C700E5420A /* Release */ = {
			isa = XCBuildConfiguration;
			buildSettings = {
				ALWAYS_EMBED_SWIFT_STANDARD_LIBRARIES = YES;
				CODE_SIGN_STYLE = Automatic;
				CURRENT_PROJECT_VERSION = 1;
				GENERATE_INFOPLIST_FILE = YES;
				MARKETING_VERSION = 1.0;
				PRODUCT_BUNDLE_IDENTIFIER = MAD.Assignment2UITests;
				PRODUCT_NAME = "$(TARGET_NAME)";
				SWIFT_EMIT_LOC_STRINGS = NO;
				SWIFT_VERSION = 5.0;
				TARGETED_DEVICE_FAMILY = "1,2";
				TEST_TARGET_NAME = Assignment2;
			};
			name = Release;
		};
/* End XCBuildConfiguration section */

/* Begin XCConfigurationList section */
		6BED002F282091C400E5420A /* Build configuration list for PBXProject "Assignment2" */ = {
			isa = XCConfigurationList;
			buildConfigurations = (
				6BED005B282091C700E5420A /* Debug */,
				6BED005C282091C700E5420A /* Release */,
			);
			defaultConfigurationIsVisible = 0;
			defaultConfigurationName = Release;
		};
		6BED005D282091C700E5420A /* Build configuration list for PBXNativeTarget "Assignment2" */ = {
			isa = XCConfigurationList;
			buildConfigurations = (
				6BED005E282091C700E5420A /* Debug */,
				6BED005F282091C700E5420A /* Release */,
			);
			defaultConfigurationIsVisible = 0;
			defaultConfigurationName = Release;
		};
		6BED0060282091C700E5420A /* Build configuration list for PBXNativeTarget "Assignment2Tests" */ = {
			isa = XCConfigurationList;
			buildConfigurations = (
				6BED0061282091C700E5420A /* Debug */,
				6BED0062282091C700E5420A /* Release */,
			);
			defaultConfigurationIsVisible = 0;
			defaultConfigurationName = Release;
		};
		6BED0063282091C700E5420A /* Build configuration list for PBXNativeTarget "Assignment2UITests" */ = {
			isa = XCConfigurationList;
			buildConfigurations = (
				6BED0064282091C700E5420A /* Debug */,
				6BED0065282091C700E5420A /* Release */,
			);
			defaultConfigurationIsVisible = 0;
			defaultConfigurationName = Release;
		};
/* End XCConfigurationList section */

/* Begin XCVersionGroup section */
		6BED0042282091C700E5420A /* Assignment2.xcdatamodeld */ = {
			isa = XCVersionGroup;
			children = (
				6BED0043282091C700E5420A /* Assignment2.xcdatamodel */,
			);
			currentVersion = 6BED0043282091C700E5420A /* Assignment2.xcdatamodel */;
			path = Assignment2.xcdatamodeld;
			sourceTree = "<group>";
			versionGroupType = wrapper.xcdatamodel;
		};
/* End XCVersionGroup section */
	};
	rootObject = 6BED002C282091C400E5420A /* Project object */;
}
